// !$*UTF8*$!
{
	archiveVersion = 1;
	classes = {
	};
	objectVersion = 50;
	objects = {

/* Begin PBXBuildFile section */
		E10940F623AA70550022911F /* TimeZoneService.swift in Sources */ = {isa = PBXBuildFile; fileRef = E10940F523AA70550022911F /* TimeZoneService.swift */; };
		E10940F823AA74F90022911F /* TimeZoneModel.swift in Sources */ = {isa = PBXBuildFile; fileRef = E10940F723AA74F90022911F /* TimeZoneModel.swift */; };
		E133C05E237586D800C1D63A /* AppDelegate.swift in Sources */ = {isa = PBXBuildFile; fileRef = E133C05D237586D800C1D63A /* AppDelegate.swift */; };
		E133C060237586D800C1D63A /* SceneDelegate.swift in Sources */ = {isa = PBXBuildFile; fileRef = E133C05F237586D800C1D63A /* SceneDelegate.swift */; };
		E133C065237586D800C1D63A /* Main.storyboard in Resources */ = {isa = PBXBuildFile; fileRef = E133C063237586D800C1D63A /* Main.storyboard */; };
		E133C067237586DC00C1D63A /* Assets.xcassets in Resources */ = {isa = PBXBuildFile; fileRef = E133C066237586DC00C1D63A /* Assets.xcassets */; };
		E133C06A237586DC00C1D63A /* LaunchScreen.storyboard in Resources */ = {isa = PBXBuildFile; fileRef = E133C068237586DC00C1D63A /* LaunchScreen.storyboard */; };
		E133C0722375881000C1D63A /* ForecastViewController.swift in Sources */ = {isa = PBXBuildFile; fileRef = E133C0712375881000C1D63A /* ForecastViewController.swift */; };
		E133C0742375AE1F00C1D63A /* DailyForecastModel.swift in Sources */ = {isa = PBXBuildFile; fileRef = E133C0732375AE1F00C1D63A /* DailyForecastModel.swift */; };
		E133C0772375B29800C1D63A /* FiveDayForecastService.swift in Sources */ = {isa = PBXBuildFile; fileRef = E133C0762375B29800C1D63A /* FiveDayForecastService.swift */; };
		E14F98F82391AACA003F09AE /* UserDefaultsModel.swift in Sources */ = {isa = PBXBuildFile; fileRef = E14F98F72391AACA003F09AE /* UserDefaultsModel.swift */; };
		E1C425F8237C528E0005B628 /* CustomCollectionViewCell.swift in Sources */ = {isa = PBXBuildFile; fileRef = E1C425F6237C528E0005B628 /* CustomCollectionViewCell.swift */; };
		E1C425F9237C528E0005B628 /* CustomCollectionViewCell.xib in Resources */ = {isa = PBXBuildFile; fileRef = E1C425F7237C528E0005B628 /* CustomCollectionViewCell.xib */; };
		E1CC3D1D237847BD00041D5C /* TwelveHoursForecastService.swift in Sources */ = {isa = PBXBuildFile; fileRef = E1CC3D1C237847BD00041D5C /* TwelveHoursForecastService.swift */; };
		E1CC3D202378512A00041D5C /* TwelveHoursForecastModel.swift in Sources */ = {isa = PBXBuildFile; fileRef = E1CC3D1F2378512A00041D5C /* TwelveHoursForecastModel.swift */; };
		E1CC3D25237874DA00041D5C /* WeatherTableViewCell.swift in Sources */ = {isa = PBXBuildFile; fileRef = E1CC3D23237874DA00041D5C /* WeatherTableViewCell.swift */; };
		E1CC3D26237874DA00041D5C /* WeatherTableViewCell.xib in Resources */ = {isa = PBXBuildFile; fileRef = E1CC3D24237874DA00041D5C /* WeatherTableViewCell.xib */; };
		E1D160D6237DC436001C273B /* FavouriteCitysTableViewController.swift in Sources */ = {isa = PBXBuildFile; fileRef = E1D160D5237DC436001C273B /* FavouriteCitysTableViewController.swift */; };
		E1D160D8237E97C2001C273B /* FindCityViewController.swift in Sources */ = {isa = PBXBuildFile; fileRef = E1D160D7237E97C2001C273B /* FindCityViewController.swift */; };
		E1D160DA237E987D001C273B /* FindCityService.swift in Sources */ = {isa = PBXBuildFile; fileRef = E1D160D9237E987D001C273B /* FindCityService.swift */; };
		E1D160DC237E9B68001C273B /* Protocols.swift in Sources */ = {isa = PBXBuildFile; fileRef = E1D160DB237E9B68001C273B /* Protocols.swift */; };
		E1D160E1237EA1B8001C273B /* FoundСitiesModel.swift in Sources */ = {isa = PBXBuildFile; fileRef = E1D160E0237EA1B8001C273B /* FoundСitiesModel.swift */; };
		E1D160E5237EBD55001C273B /* SearchTableViewCell.swift in Sources */ = {isa = PBXBuildFile; fileRef = E1D160E3237EBD55001C273B /* SearchTableViewCell.swift */; };
		E1D160E6237EBD55001C273B /* SearchTableViewCell.xib in Resources */ = {isa = PBXBuildFile; fileRef = E1D160E4237EBD55001C273B /* SearchTableViewCell.xib */; };
		E1FD8F172397BA4A00163E8F /* City.swift in Sources */ = {isa = PBXBuildFile; fileRef = E1FD8F162397BA4A00163E8F /* City.swift */; };
		E1FD9C4123980C61008038CB /* Alert.swift in Sources */ = {isa = PBXBuildFile; fileRef = E1FD9C4023980C61008038CB /* Alert.swift */; };
/* End PBXBuildFile section */

/* Begin PBXFileReference section */
		E10940F523AA70550022911F /* TimeZoneService.swift */ = {isa = PBXFileReference; lastKnownFileType = sourcecode.swift; path = TimeZoneService.swift; sourceTree = "<group>"; };
		E10940F723AA74F90022911F /* TimeZoneModel.swift */ = {isa = PBXFileReference; lastKnownFileType = sourcecode.swift; path = TimeZoneModel.swift; sourceTree = "<group>"; };
		E133C05A237586D800C1D63A /* Weather_Forecast.app */ = {isa = PBXFileReference; explicitFileType = wrapper.application; includeInIndex = 0; path = Weather_Forecast.app; sourceTree = BUILT_PRODUCTS_DIR; };
		E133C05D237586D800C1D63A /* AppDelegate.swift */ = {isa = PBXFileReference; lastKnownFileType = sourcecode.swift; path = AppDelegate.swift; sourceTree = "<group>"; };
		E133C05F237586D800C1D63A /* SceneDelegate.swift */ = {isa = PBXFileReference; lastKnownFileType = sourcecode.swift; path = SceneDelegate.swift; sourceTree = "<group>"; };
		E133C064237586D800C1D63A /* Base */ = {isa = PBXFileReference; lastKnownFileType = file.storyboard; name = Base; path = Base.lproj/Main.storyboard; sourceTree = "<group>"; };
		E133C066237586DC00C1D63A /* Assets.xcassets */ = {isa = PBXFileReference; lastKnownFileType = folder.assetcatalog; path = Assets.xcassets; sourceTree = "<group>"; };
		E133C069237586DC00C1D63A /* Base */ = {isa = PBXFileReference; lastKnownFileType = file.storyboard; name = Base; path = Base.lproj/LaunchScreen.storyboard; sourceTree = "<group>"; };
		E133C06B237586DC00C1D63A /* Info.plist */ = {isa = PBXFileReference; lastKnownFileType = text.plist.xml; path = Info.plist; sourceTree = "<group>"; };
		E133C0712375881000C1D63A /* ForecastViewController.swift */ = {isa = PBXFileReference; lastKnownFileType = sourcecode.swift; path = ForecastViewController.swift; sourceTree = "<group>"; };
		E133C0732375AE1F00C1D63A /* DailyForecastModel.swift */ = {isa = PBXFileReference; lastKnownFileType = sourcecode.swift; path = DailyForecastModel.swift; sourceTree = "<group>"; };
		E133C0762375B29800C1D63A /* FiveDayForecastService.swift */ = {isa = PBXFileReference; lastKnownFileType = sourcecode.swift; path = FiveDayForecastService.swift; sourceTree = "<group>"; };
		E14F98F72391AACA003F09AE /* UserDefaultsModel.swift */ = {isa = PBXFileReference; lastKnownFileType = sourcecode.swift; path = UserDefaultsModel.swift; sourceTree = "<group>"; };
		E1C425F6237C528E0005B628 /* CustomCollectionViewCell.swift */ = {isa = PBXFileReference; lastKnownFileType = sourcecode.swift; path = CustomCollectionViewCell.swift; sourceTree = "<group>"; };
		E1C425F7237C528E0005B628 /* CustomCollectionViewCell.xib */ = {isa = PBXFileReference; lastKnownFileType = file.xib; path = CustomCollectionViewCell.xib; sourceTree = "<group>"; };
		E1CC3D1C237847BD00041D5C /* TwelveHoursForecastService.swift */ = {isa = PBXFileReference; lastKnownFileType = sourcecode.swift; path = TwelveHoursForecastService.swift; sourceTree = "<group>"; };
		E1CC3D1F2378512A00041D5C /* TwelveHoursForecastModel.swift */ = {isa = PBXFileReference; lastKnownFileType = sourcecode.swift; path = TwelveHoursForecastModel.swift; sourceTree = "<group>"; };
		E1CC3D23237874DA00041D5C /* WeatherTableViewCell.swift */ = {isa = PBXFileReference; lastKnownFileType = sourcecode.swift; path = WeatherTableViewCell.swift; sourceTree = "<group>"; };
		E1CC3D24237874DA00041D5C /* WeatherTableViewCell.xib */ = {isa = PBXFileReference; lastKnownFileType = file.xib; path = WeatherTableViewCell.xib; sourceTree = "<group>"; };
		E1D160D5237DC436001C273B /* FavouriteCitysTableViewController.swift */ = {isa = PBXFileReference; lastKnownFileType = sourcecode.swift; path = FavouriteCitysTableViewController.swift; sourceTree = "<group>"; };
		E1D160D7237E97C2001C273B /* FindCityViewController.swift */ = {isa = PBXFileReference; lastKnownFileType = sourcecode.swift; path = FindCityViewController.swift; sourceTree = "<group>"; };
		E1D160D9237E987D001C273B /* FindCityService.swift */ = {isa = PBXFileReference; lastKnownFileType = sourcecode.swift; path = FindCityService.swift; sourceTree = "<group>"; };
		E1D160DB237E9B68001C273B /* Protocols.swift */ = {isa = PBXFileReference; lastKnownFileType = sourcecode.swift; path = Protocols.swift; sourceTree = "<group>"; };
		E1D160E0237EA1B8001C273B /* FoundСitiesModel.swift */ = {isa = PBXFileReference; lastKnownFileType = sourcecode.swift; path = "FoundСitiesModel.swift"; sourceTree = "<group>"; };
		E1D160E3237EBD55001C273B /* SearchTableViewCell.swift */ = {isa = PBXFileReference; lastKnownFileType = sourcecode.swift; path = SearchTableViewCell.swift; sourceTree = "<group>"; };
		E1D160E4237EBD55001C273B /* SearchTableViewCell.xib */ = {isa = PBXFileReference; lastKnownFileType = file.xib; path = SearchTableViewCell.xib; sourceTree = "<group>"; };
		E1FD8F162397BA4A00163E8F /* City.swift */ = {isa = PBXFileReference; lastKnownFileType = sourcecode.swift; path = City.swift; sourceTree = "<group>"; };
		E1FD9C4023980C61008038CB /* Alert.swift */ = {isa = PBXFileReference; lastKnownFileType = sourcecode.swift; path = Alert.swift; sourceTree = "<group>"; };
/* End PBXFileReference section */

/* Begin PBXFrameworksBuildPhase section */
		E133C057237586D800C1D63A /* Frameworks */ = {
			isa = PBXFrameworksBuildPhase;
			buildActionMask = 2147483647;
			files = (
			);
			runOnlyForDeploymentPostprocessing = 0;
		};
/* End PBXFrameworksBuildPhase section */

/* Begin PBXGroup section */
		E10940F423AA6F870022911F /* Supporting_files */ = {
			isa = PBXGroup;
			children = (
				E133C05D237586D800C1D63A /* AppDelegate.swift */,
				E133C05F237586D800C1D63A /* SceneDelegate.swift */,
				E133C063237586D800C1D63A /* Main.storyboard */,
				E133C066237586DC00C1D63A /* Assets.xcassets */,
				E133C068237586DC00C1D63A /* LaunchScreen.storyboard */,
			);
			path = Supporting_files;
			sourceTree = "<group>";
		};
		E133C051237586D800C1D63A = {
			isa = PBXGroup;
			children = (
				E133C05C237586D800C1D63A /* Weather_Forecast */,
				E133C05B237586D800C1D63A /* Products */,
			);
			sourceTree = "<group>";
		};
		E133C05B237586D800C1D63A /* Products */ = {
			isa = PBXGroup;
			children = (
				E133C05A237586D800C1D63A /* Weather_Forecast.app */,
			);
			name = Products;
			sourceTree = "<group>";
		};
		E133C05C237586D800C1D63A /* Weather_Forecast */ = {
			isa = PBXGroup;
			children = (
				E1C425EB237BF6030005B628 /* Networking */,
				E1CC3D222378749C00041D5C /* Views */,
				E1CC3D2123785B7200041D5C /* Controllers */,
				E133C0752375B27C00C1D63A /* models */,
				E10940F423AA6F870022911F /* Supporting_files */,
				E133C06B237586DC00C1D63A /* Info.plist */,
			);
			path = Weather_Forecast;
			sourceTree = "<group>";
		};
		E133C0752375B27C00C1D63A /* models */ = {
			isa = PBXGroup;
			children = (
				E10940F723AA74F90022911F /* TimeZoneModel.swift */,
				E1FD9C4023980C61008038CB /* Alert.swift */,
				E1FD8F162397BA4A00163E8F /* City.swift */,
				E14F98F72391AACA003F09AE /* UserDefaultsModel.swift */,
				E1D160E0237EA1B8001C273B /* FoundСitiesModel.swift */,
				E1CC3D1F2378512A00041D5C /* TwelveHoursForecastModel.swift */,
				E133C0732375AE1F00C1D63A /* DailyForecastModel.swift */,
				E1D160DD237E9B72001C273B /* Protocols */,
			);
			path = models;
			sourceTree = "<group>";
		};
		E1C425EB237BF6030005B628 /* Networking */ = {
			isa = PBXGroup;
			children = (
				E133C0762375B29800C1D63A /* FiveDayForecastService.swift */,
				E1CC3D1C237847BD00041D5C /* TwelveHoursForecastService.swift */,
				E1D160D9237E987D001C273B /* FindCityService.swift */,
				E10940F523AA70550022911F /* TimeZoneService.swift */,
			);
			path = Networking;
			sourceTree = "<group>";
		};
		E1C425F0237C15FD0005B628 /* CollectionView */ = {
			isa = PBXGroup;
			children = (
				E1C425F6237C528E0005B628 /* CustomCollectionViewCell.swift */,
				E1C425F7237C528E0005B628 /* CustomCollectionViewCell.xib */,
			);
			path = CollectionView;
			sourceTree = "<group>";
		};
		E1C425F5237C16220005B628 /* MainScreenTabbleView */ = {
			isa = PBXGroup;
			children = (
				E1CC3D23237874DA00041D5C /* WeatherTableViewCell.swift */,
				E1CC3D24237874DA00041D5C /* WeatherTableViewCell.xib */,
			);
			path = MainScreenTabbleView;
			sourceTree = "<group>";
		};
		E1CC3D2123785B7200041D5C /* Controllers */ = {
			isa = PBXGroup;
			children = (
				E133C0712375881000C1D63A /* ForecastViewController.swift */,
				E1D160D5237DC436001C273B /* FavouriteCitysTableViewController.swift */,
				E1D160D7237E97C2001C273B /* FindCityViewController.swift */,
			);
			path = Controllers;
			sourceTree = "<group>";
		};
		E1CC3D222378749C00041D5C /* Views */ = {
			isa = PBXGroup;
			children = (
				E1D160E2237EBCF6001C273B /* FindCityTableView */,
				E1C425F5237C16220005B628 /* MainScreenTabbleView */,
				E1C425F0237C15FD0005B628 /* CollectionView */,
			);
			path = Views;
			sourceTree = "<group>";
		};
		E1D160DD237E9B72001C273B /* Protocols */ = {
			isa = PBXGroup;
			children = (
				E1D160DB237E9B68001C273B /* Protocols.swift */,
			);
			path = Protocols;
			sourceTree = "<group>";
		};
		E1D160E2237EBCF6001C273B /* FindCityTableView */ = {
			isa = PBXGroup;
			children = (
				E1D160E3237EBD55001C273B /* SearchTableViewCell.swift */,
				E1D160E4237EBD55001C273B /* SearchTableViewCell.xib */,
			);
			path = FindCityTableView;
			sourceTree = "<group>";
		};
/* End PBXGroup section */

/* Begin PBXNativeTarget section */
		E133C059237586D800C1D63A /* Weather_Forecast */ = {
			isa = PBXNativeTarget;
			buildConfigurationList = E133C06E237586DC00C1D63A /* Build configuration list for PBXNativeTarget "Weather_Forecast" */;
			buildPhases = (
				E133C056237586D800C1D63A /* Sources */,
				E133C057237586D800C1D63A /* Frameworks */,
				E133C058237586D800C1D63A /* Resources */,
			);
			buildRules = (
			);
			dependencies = (
			);
			name = Weather_Forecast;
			productName = Weather_Forecast;
			productReference = E133C05A237586D800C1D63A /* Weather_Forecast.app */;
			productType = "com.apple.product-type.application";
		};
/* End PBXNativeTarget section */

/* Begin PBXProject section */
		E133C052237586D800C1D63A /* Project object */ = {
			isa = PBXProject;
			attributes = {
				LastSwiftUpdateCheck = 1120;
				LastUpgradeCheck = 1120;
				ORGANIZATIONNAME = "Maksym Bilohatniuk";
				TargetAttributes = {
					E133C059237586D800C1D63A = {
						CreatedOnToolsVersion = 11.2;
					};
				};
			};
			buildConfigurationList = E133C055237586D800C1D63A /* Build configuration list for PBXProject "Weather_Forecast" */;
			compatibilityVersion = "Xcode 9.3";
			developmentRegion = en;
			hasScannedForEncodings = 0;
			knownRegions = (
				en,
				Base,
			);
			mainGroup = E133C051237586D800C1D63A;
			productRefGroup = E133C05B237586D800C1D63A /* Products */;
			projectDirPath = "";
			projectRoot = "";
			targets = (
				E133C059237586D800C1D63A /* Weather_Forecast */,
			);
		};
/* End PBXProject section */

/* Begin PBXResourcesBuildPhase section */
		E133C058237586D800C1D63A /* Resources */ = {
			isa = PBXResourcesBuildPhase;
			buildActionMask = 2147483647;
			files = (
				E1CC3D26237874DA00041D5C /* WeatherTableViewCell.xib in Resources */,
				E133C06A237586DC00C1D63A /* LaunchScreen.storyboard in Resources */,
				E133C067237586DC00C1D63A /* Assets.xcassets in Resources */,
				E1C425F9237C528E0005B628 /* CustomCollectionViewCell.xib in Resources */,
				E133C065237586D800C1D63A /* Main.storyboard in Resources */,
				E1D160E6237EBD55001C273B /* SearchTableViewCell.xib in Resources */,
			);
			runOnlyForDeploymentPostprocessing = 0;
		};
/* End PBXResourcesBuildPhase section */

/* Begin PBXSourcesBuildPhase section */
		E133C056237586D800C1D63A /* Sources */ = {
			isa = PBXSourcesBuildPhase;
			buildActionMask = 2147483647;
			files = (
				E10940F623AA70550022911F /* TimeZoneService.swift in Sources */,
				E1CC3D25237874DA00041D5C /* WeatherTableViewCell.swift in Sources */,
				E1C425F8237C528E0005B628 /* CustomCollectionViewCell.swift in Sources */,
				E10940F823AA74F90022911F /* TimeZoneModel.swift in Sources */,
				E1FD8F172397BA4A00163E8F /* City.swift in Sources */,
				E133C05E237586D800C1D63A /* AppDelegate.swift in Sources */,
				E1FD9C4123980C61008038CB /* Alert.swift in Sources */,
				E1CC3D1D237847BD00041D5C /* TwelveHoursForecastService.swift in Sources */,
				E1CC3D202378512A00041D5C /* TwelveHoursForecastModel.swift in Sources */,
				E133C060237586D800C1D63A /* SceneDelegate.swift in Sources */,
				E133C0772375B29800C1D63A /* FiveDayForecastService.swift in Sources */,
				E1D160D8237E97C2001C273B /* FindCityViewController.swift in Sources */,
				E14F98F82391AACA003F09AE /* UserDefaultsModel.swift in Sources */,
				E133C0722375881000C1D63A /* ForecastViewController.swift in Sources */,
				E1D160E1237EA1B8001C273B /* FoundСitiesModel.swift in Sources */,
				E1D160DC237E9B68001C273B /* Protocols.swift in Sources */,
				E1D160D6237DC436001C273B /* FavouriteCitysTableViewController.swift in Sources */,
				E1D160E5237EBD55001C273B /* SearchTableViewCell.swift in Sources */,
				E133C0742375AE1F00C1D63A /* DailyForecastModel.swift in Sources */,
				E1D160DA237E987D001C273B /* FindCityService.swift in Sources */,
			);
			runOnlyForDeploymentPostprocessing = 0;
		};
/* End PBXSourcesBuildPhase section */

/* Begin PBXVariantGroup section */
		E133C063237586D800C1D63A /* Main.storyboard */ = {
			isa = PBXVariantGroup;
			children = (
				E133C064237586D800C1D63A /* Base */,
			);
			name = Main.storyboard;
			sourceTree = "<group>";
		};
		E133C068237586DC00C1D63A /* LaunchScreen.storyboard */ = {
			isa = PBXVariantGroup;
			children = (
				E133C069237586DC00C1D63A /* Base */,
			);
			name = LaunchScreen.storyboard;
			sourceTree = "<group>";
		};
/* End PBXVariantGroup section */

/* Begin XCBuildConfiguration section */
		E133C06C237586DC00C1D63A /* Debug */ = {
			isa = XCBuildConfiguration;
			buildSettings = {
				ALWAYS_SEARCH_USER_PATHS = NO;
				CLANG_ANALYZER_NONNULL = YES;
				CLANG_ANALYZER_NUMBER_OBJECT_CONVERSION = YES_AGGRESSIVE;
				CLANG_CXX_LANGUAGE_STANDARD = "gnu++14";
				CLANG_CXX_LIBRARY = "libc++";
				CLANG_ENABLE_MODULES = YES;
				CLANG_ENABLE_OBJC_ARC = YES;
				CLANG_ENABLE_OBJC_WEAK = YES;
				CLANG_WARN_BLOCK_CAPTURE_AUTORELEASING = YES;
				CLANG_WARN_BOOL_CONVERSION = YES;
				CLANG_WARN_COMMA = YES;
				CLANG_WARN_CONSTANT_CONVERSION = YES;
				CLANG_WARN_DEPRECATED_OBJC_IMPLEMENTATIONS = YES;
				CLANG_WARN_DIRECT_OBJC_ISA_USAGE = YES_ERROR;
				CLANG_WARN_DOCUMENTATION_COMMENTS = YES;
				CLANG_WARN_EMPTY_BODY = YES;
				CLANG_WARN_ENUM_CONVERSION = YES;
				CLANG_WARN_INFINITE_RECURSION = YES;
				CLANG_WARN_INT_CONVERSION = YES;
				CLANG_WARN_NON_LITERAL_NULL_CONVERSION = YES;
				CLANG_WARN_OBJC_IMPLICIT_RETAIN_SELF = YES;
				CLANG_WARN_OBJC_LITERAL_CONVERSION = YES;
				CLANG_WARN_OBJC_ROOT_CLASS = YES_ERROR;
				CLANG_WARN_RANGE_LOOP_ANALYSIS = YES;
				CLANG_WARN_STRICT_PROTOTYPES = YES;
				CLANG_WARN_SUSPICIOUS_MOVE = YES;
				CLANG_WARN_UNGUARDED_AVAILABILITY = YES_AGGRESSIVE;
				CLANG_WARN_UNREACHABLE_CODE = YES;
				CLANG_WARN__DUPLICATE_METHOD_MATCH = YES;
				COPY_PHASE_STRIP = NO;
				DEBUG_INFORMATION_FORMAT = dwarf;
				ENABLE_STRICT_OBJC_MSGSEND = YES;
				ENABLE_TESTABILITY = YES;
				GCC_C_LANGUAGE_STANDARD = gnu11;
				GCC_DYNAMIC_NO_PIC = NO;
				GCC_NO_COMMON_BLOCKS = YES;
				GCC_OPTIMIZATION_LEVEL = 0;
				GCC_PREPROCESSOR_DEFINITIONS = (
					"DEBUG=1",
					"$(inherited)",
				);
				GCC_WARN_64_TO_32_BIT_CONVERSION = YES;
				GCC_WARN_ABOUT_RETURN_TYPE = YES_ERROR;
				GCC_WARN_UNDECLARED_SELECTOR = YES;
				GCC_WARN_UNINITIALIZED_AUTOS = YES_AGGRESSIVE;
				GCC_WARN_UNUSED_FUNCTION = YES;
				GCC_WARN_UNUSED_VARIABLE = YES;
				IPHONEOS_DEPLOYMENT_TARGET = 13.2;
				MTL_ENABLE_DEBUG_INFO = INCLUDE_SOURCE;
				MTL_FAST_MATH = YES;
				ONLY_ACTIVE_ARCH = YES;
				SDKROOT = iphoneos;
				SWIFT_ACTIVE_COMPILATION_CONDITIONS = DEBUG;
				SWIFT_OPTIMIZATION_LEVEL = "-Onone";
			};
			name = Debug;
		};
		E133C06D237586DC00C1D63A /* Release */ = {
			isa = XCBuildConfiguration;
			buildSettings = {
				ALWAYS_SEARCH_USER_PATHS = NO;
				CLANG_ANALYZER_NONNULL = YES;
				CLANG_ANALYZER_NUMBER_OBJECT_CONVERSION = YES_AGGRESSIVE;
				CLANG_CXX_LANGUAGE_STANDARD = "gnu++14";
				CLANG_CXX_LIBRARY = "libc++";
				CLANG_ENABLE_MODULES = YES;
				CLANG_ENABLE_OBJC_ARC = YES;
				CLANG_ENABLE_OBJC_WEAK = YES;
				CLANG_WARN_BLOCK_CAPTURE_AUTORELEASING = YES;
				CLANG_WARN_BOOL_CONVERSION = YES;
				CLANG_WARN_COMMA = YES;
				CLANG_WARN_CONSTANT_CONVERSION = YES;
				CLANG_WARN_DEPRECATED_OBJC_IMPLEMENTATIONS = YES;
				CLANG_WARN_DIRECT_OBJC_ISA_USAGE = YES_ERROR;
				CLANG_WARN_DOCUMENTATION_COMMENTS = YES;
				CLANG_WARN_EMPTY_BODY = YES;
				CLANG_WARN_ENUM_CONVERSION = YES;
				CLANG_WARN_INFINITE_RECURSION = YES;
				CLANG_WARN_INT_CONVERSION = YES;
				CLANG_WARN_NON_LITERAL_NULL_CONVERSION = YES;
				CLANG_WARN_OBJC_IMPLICIT_RETAIN_SELF = YES;
				CLANG_WARN_OBJC_LITERAL_CONVERSION = YES;
				CLANG_WARN_OBJC_ROOT_CLASS = YES_ERROR;
				CLANG_WARN_RANGE_LOOP_ANALYSIS = YES;
				CLANG_WARN_STRICT_PROTOTYPES = YES;
				CLANG_WARN_SUSPICIOUS_MOVE = YES;
				CLANG_WARN_UNGUARDED_AVAILABILITY = YES_AGGRESSIVE;
				CLANG_WARN_UNREACHABLE_CODE = YES;
				CLANG_WARN__DUPLICATE_METHOD_MATCH = YES;
				COPY_PHASE_STRIP = NO;
				DEBUG_INFORMATION_FORMAT = "dwarf-with-dsym";
				ENABLE_NS_ASSERTIONS = NO;
				ENABLE_STRICT_OBJC_MSGSEND = YES;
				GCC_C_LANGUAGE_STANDARD = gnu11;
				GCC_NO_COMMON_BLOCKS = YES;
				GCC_WARN_64_TO_32_BIT_CONVERSION = YES;
				GCC_WARN_ABOUT_RETURN_TYPE = YES_ERROR;
				GCC_WARN_UNDECLARED_SELECTOR = YES;
				GCC_WARN_UNINITIALIZED_AUTOS = YES_AGGRESSIVE;
				GCC_WARN_UNUSED_FUNCTION = YES;
				GCC_WARN_UNUSED_VARIABLE = YES;
				IPHONEOS_DEPLOYMENT_TARGET = 13.2;
				MTL_ENABLE_DEBUG_INFO = NO;
				MTL_FAST_MATH = YES;
				SDKROOT = iphoneos;
				SWIFT_COMPILATION_MODE = wholemodule;
				SWIFT_OPTIMIZATION_LEVEL = "-O";
				VALIDATE_PRODUCT = YES;
			};
			name = Release;
		};
		E133C06F237586DC00C1D63A /* Debug */ = {
			isa = XCBuildConfiguration;
			buildSettings = {
				ASSETCATALOG_COMPILER_APPICON_NAME = AppIcon;
				CODE_SIGN_STYLE = Automatic;
				DEVELOPMENT_TEAM = 69QJFP34UA;
				INFOPLIST_FILE = Weather_Forecast/Info.plist;
				LD_RUNPATH_SEARCH_PATHS = (
					"$(inherited)",
					"@executable_path/Frameworks",
				);
				PRODUCT_BUNDLE_IDENTIFIER = "maks.Weather-Forecast";
				PRODUCT_NAME = "$(TARGET_NAME)";
				SWIFT_VERSION = 5.0;
				TARGETED_DEVICE_FAMILY = "1,2";
			};
			name = Debug;
		};
		E133C070237586DC00C1D63A /* Release */ = {
			isa = XCBuildConfiguration;
			buildSettings = {
				ASSETCATALOG_COMPILER_APPICON_NAME = AppIcon;
				CODE_SIGN_STYLE = Automatic;
				DEVELOPMENT_TEAM = 69QJFP34UA;
				INFOPLIST_FILE = Weather_Forecast/Info.plist;
				LD_RUNPATH_SEARCH_PATHS = (
					"$(inherited)",
					"@executable_path/Frameworks",
				);
				PRODUCT_BUNDLE_IDENTIFIER = "maks.Weather-Forecast";
				PRODUCT_NAME = "$(TARGET_NAME)";
				SWIFT_VERSION = 5.0;
				TARGETED_DEVICE_FAMILY = "1,2";
			};
			name = Release;
		};
/* End XCBuildConfiguration section */

/* Begin XCConfigurationList section */
		E133C055237586D800C1D63A /* Build configuration list for PBXProject "Weather_Forecast" */ = {
			isa = XCConfigurationList;
			buildConfigurations = (
				E133C06C237586DC00C1D63A /* Debug */,
				E133C06D237586DC00C1D63A /* Release */,
			);
			defaultConfigurationIsVisible = 0;
			defaultConfigurationName = Release;
		};
		E133C06E237586DC00C1D63A /* Build configuration list for PBXNativeTarget "Weather_Forecast" */ = {
			isa = XCConfigurationList;
			buildConfigurations = (
				E133C06F237586DC00C1D63A /* Debug */,
				E133C070237586DC00C1D63A /* Release */,
			);
			defaultConfigurationIsVisible = 0;
			defaultConfigurationName = Release;
		};
/* End XCConfigurationList section */
	};
	rootObject = E133C052237586D800C1D63A /* Project object */;
}
